
Microsoft Visual Studio Solution File, Format Version 12.00
# Visual Studio 15
VisualStudioVersion = 15.0.26730.8
MinimumVisualStudioVersion = 10.0.40219.1
Project("{FAE04EC0-301F-11D3-BF4B-00C04F79EFBC}") = "01.OrdersSystem", "01.OrdersSystem\01.OrdersSystem.csproj", "{10AA8813-58F3-4659-A047-BE62F59A8C31}"
EndProject
Project("{FAE04EC0-301F-11D3-BF4B-00C04F79EFBC}") = "02.Paper", "02.Paper\02.Paper.csproj", "{65FD215A-E60D-4CBA-9CA0-2254FF5891B2}"
EndProject
Project("{FAE04EC0-301F-11D3-BF4B-00C04F79EFBC}") = "03.AquaPark", "03.AquaPark\03.AquaPark.csproj", "{24B814C8-992F-4909-9C98-5834DC681DBD}"
EndProject
Project("{FAE04EC0-301F-11D3-BF4B-00C04F79EFBC}") = "04.Vegan", "04.Vegan\04.Vegan.csproj", "{4564BA11-912E-48AA-922C-8F0B67B87F89}"
EndProject
Global
	GlobalSection(SolutionConfigurationPlatforms) = preSolution
		Debug|Any CPU = Debug|Any CPU
		Release|Any CPU = Release|Any CPU
	EndGlobalSection
	GlobalSection(ProjectConfigurationPlatforms) = postSolution
		{10AA8813-58F3-4659-A047-BE62F59A8C31}.Debug|Any CPU.ActiveCfg = Debug|Any CPU
		{10AA8813-58F3-4659-A047-BE62F59A8C31}.Debug|Any CPU.Build.0 = Debug|Any CPU
		{10AA8813-58F3-4659-A047-BE62F59A8C31}.Release|Any CPU.ActiveCfg = Release|Any CPU
		{10AA8813-58F3-4659-A047-BE62F59A8C31}.Release|Any CPU.Build.0 = Release|Any CPU
		{65FD215A-E60D-4CBA-9CA0-2254FF5891B2}.Debug|Any CPU.ActiveCfg = Debug|Any CPU
		{65FD215A-E60D-4CBA-9CA0-2254FF5891B2}.Debug|Any CPU.Build.0 = Debug|Any CPU
		{65FD215A-E60D-4CBA-9CA0-2254FF5891B2}.Release|Any CPU.ActiveCfg = Release|Any CPU
		{65FD215A-E60D-4CBA-9CA0-2254FF5891B2}.Release|Any CPU.Build.0 = Release|Any CPU
		{24B814C8-992F-4909-9C98-5834DC681DBD}.Debug|Any CPU.ActiveCfg = Debug|Any CPU
		{24B814C8-992F-4909-9C98-5834DC681DBD}.Debug|Any CPU.Build.0 = Debug|Any CPU
		{24B814C8-992F-4909-9C98-5834DC681DBD}.Release|Any CPU.ActiveCfg = Release|Any CPU
		{24B814C8-992F-4909-9C98-5834DC681DBD}.Release|Any CPU.Build.0 = Release|Any CPU
		{4564BA11-912E-48AA-922C-8F0B67B87F89}.Debug|Any CPU.ActiveCfg = Debug|Any CPU
		{4564BA11-912E-48AA-922C-8F0B67B87F89}.Debug|Any CPU.Build.0 = Debug|Any CPU
		{4564BA11-912E-48AA-922C-8F0B67B87F89}.Release|Any CPU.ActiveCfg = Release|Any CPU
		{4564BA11-912E-48AA-922C-8F0B67B87F89}.Release|Any CPU.Build.0 = Release|Any CPU
	EndGlobalSection
	GlobalSection(SolutionProperties) = preSolution
		HideSolutionNode = FALSE
	EndGlobalSection
	GlobalSection(ExtensibilityGlobals) = postSolution
		SolutionGuid = {373CBB9D-7FEF-4AB0-9147-9BD99071D9EA}
	EndGlobalSection
EndGlobal
