
Microsoft Visual Studio Solution File, Format Version 12.00
# Visual Studio 15
VisualStudioVersion = 15.0.26730.8
MinimumVisualStudioVersion = 10.0.40219.1
Project("{FAE04EC0-301F-11D3-BF4B-00C04F79EFBC}") = "Academy", "Academy\Academy.csproj", "{37BA7D68-D803-4820-9586-8EFC016C9144}"
EndProject
Project("{FAE04EC0-301F-11D3-BF4B-00C04F79EFBC}") = "Academy.Tests", "Academy.Tests\Academy.Tests.csproj", "{C207096D-5B8A-403B-A4D1-F56AA1FD490D}"
EndProject
Project("{FAE04EC0-301F-11D3-BF4B-00C04F79EFBC}") = "Academy.Tests2", "Tests\Academy.Tests2.csproj", "{5349C662-8FBA-4B60-BCE8-90C0B7B57751}"
EndProject
Global
	GlobalSection(SolutionConfigurationPlatforms) = preSolution
		Debug|Any CPU = Debug|Any CPU
		Release|Any CPU = Release|Any CPU
	EndGlobalSection
	GlobalSection(ProjectConfigurationPlatforms) = postSolution
		{37BA7D68-D803-4820-9586-8EFC016C9144}.Debug|Any CPU.ActiveCfg = Debug|Any CPU
		{37BA7D68-D803-4820-9586-8EFC016C9144}.Debug|Any CPU.Build.0 = Debug|Any CPU
		{37BA7D68-D803-4820-9586-8EFC016C9144}.Release|Any CPU.ActiveCfg = Release|Any CPU
		{37BA7D68-D803-4820-9586-8EFC016C9144}.Release|Any CPU.Build.0 = Release|Any CPU
		{C207096D-5B8A-403B-A4D1-F56AA1FD490D}.Debug|Any CPU.ActiveCfg = Debug|Any CPU
		{C207096D-5B8A-403B-A4D1-F56AA1FD490D}.Debug|Any CPU.Build.0 = Debug|Any CPU
		{C207096D-5B8A-403B-A4D1-F56AA1FD490D}.Release|Any CPU.ActiveCfg = Release|Any CPU
		{C207096D-5B8A-403B-A4D1-F56AA1FD490D}.Release|Any CPU.Build.0 = Release|Any CPU
		{5349C662-8FBA-4B60-BCE8-90C0B7B57751}.Debug|Any CPU.ActiveCfg = Debug|Any CPU
		{5349C662-8FBA-4B60-BCE8-90C0B7B57751}.Debug|Any CPU.Build.0 = Debug|Any CPU
		{5349C662-8FBA-4B60-BCE8-90C0B7B57751}.Release|Any CPU.ActiveCfg = Release|Any CPU
		{5349C662-8FBA-4B60-BCE8-90C0B7B57751}.Release|Any CPU.Build.0 = Release|Any CPU
	EndGlobalSection
	GlobalSection(SolutionProperties) = preSolution
		HideSolutionNode = FALSE
	EndGlobalSection
	GlobalSection(ExtensibilityGlobals) = postSolution
		SolutionGuid = {BA57403A-4510-406D-BFC2-15F675F08138}
	EndGlobalSection
EndGlobal
