
Microsoft Visual Studio Solution File, Format Version 12.00
# Visual Studio 15
VisualStudioVersion = 15.0.26430.6
MinimumVisualStudioVersion = 10.0.40219.1
Project("{FAE04EC0-301F-11D3-BF4B-00C04F79EFBC}") = "01.School", "01.School\01.School.csproj", "{8B73F3FB-6DC0-4854-8C6C-599C8B9B33B4}"
EndProject
Project("{FAE04EC0-301F-11D3-BF4B-00C04F79EFBC}") = "02.StudentsAndWorkers", "02.StudentsAndWorkers\02.StudentsAndWorkers.csproj", "{A1330893-2A9C-4E76-9370-523FA655A273}"
EndProject
Project("{FAE04EC0-301F-11D3-BF4B-00C04F79EFBC}") = "03.AnimalHierarchy", "03.AnimalHierarchy\03.AnimalHierarchy.csproj", "{03714726-E29C-4388-B651-23F929B16CAF}"
EndProject
Global
	GlobalSection(SolutionConfigurationPlatforms) = preSolution
		Debug|Any CPU = Debug|Any CPU
		Release|Any CPU = Release|Any CPU
	EndGlobalSection
	GlobalSection(ProjectConfigurationPlatforms) = postSolution
		{8B73F3FB-6DC0-4854-8C6C-599C8B9B33B4}.Debug|Any CPU.ActiveCfg = Debug|Any CPU
		{8B73F3FB-6DC0-4854-8C6C-599C8B9B33B4}.Debug|Any CPU.Build.0 = Debug|Any CPU
		{8B73F3FB-6DC0-4854-8C6C-599C8B9B33B4}.Release|Any CPU.ActiveCfg = Release|Any CPU
		{8B73F3FB-6DC0-4854-8C6C-599C8B9B33B4}.Release|Any CPU.Build.0 = Release|Any CPU
		{A1330893-2A9C-4E76-9370-523FA655A273}.Debug|Any CPU.ActiveCfg = Debug|Any CPU
		{A1330893-2A9C-4E76-9370-523FA655A273}.Debug|Any CPU.Build.0 = Debug|Any CPU
		{A1330893-2A9C-4E76-9370-523FA655A273}.Release|Any CPU.ActiveCfg = Release|Any CPU
		{A1330893-2A9C-4E76-9370-523FA655A273}.Release|Any CPU.Build.0 = Release|Any CPU
		{03714726-E29C-4388-B651-23F929B16CAF}.Debug|Any CPU.ActiveCfg = Debug|Any CPU
		{03714726-E29C-4388-B651-23F929B16CAF}.Debug|Any CPU.Build.0 = Debug|Any CPU
		{03714726-E29C-4388-B651-23F929B16CAF}.Release|Any CPU.ActiveCfg = Release|Any CPU
		{03714726-E29C-4388-B651-23F929B16CAF}.Release|Any CPU.Build.0 = Release|Any CPU
	EndGlobalSection
	GlobalSection(SolutionProperties) = preSolution
		HideSolutionNode = FALSE
	EndGlobalSection
EndGlobal
